{
  "name": "course_planner",
  "version": "0.0.0",
  "lockfileVersion": 2,
  "requires": true,
  "packages": {
    "": {
      "name": "course_planner",
      "version": "0.0.0",
      "dependencies": {
        "@angular/animations": "^12.0.2",
        "@angular/cdk": "^12.0.2",
        "@angular/material": "^12.0.2"
      },
      "engines": {
        "node": "16.0.0",
        "npm": "7.11.2"
      }
    },
    "node_modules/@angular/animations": {
      "version": "12.0.2",
      "resolved": "https://registry.npmjs.org/@angular/animations/-/animations-12.0.2.tgz",
      "integrity": "sha512-5RZ5a8ouVZ3iDy29uZ7jCryisWjX2c9xjIG5F5rn+mBL3UkxzzUDFhql9rP0PB5G+aGgaElSlTatGJ85mY0XvA==",
      "dependencies": {
        "tslib": "^2.1.0"
      },
      "engines": {
        "node": "^12.14.1 || >=14.0.0"
      },
      "peerDependencies": {
        "@angular/core": "12.0.2"
      }
    },
    "node_modules/@angular/cdk": {
      "version": "12.0.2",
      "resolved": "https://registry.npmjs.org/@angular/cdk/-/cdk-12.0.2.tgz",
      "integrity": "sha512-1JGayyUJmwaul5YSEgb780aWxk+MLVG5FakVaxz5NtbPZx19ZyOuZqytCh5js11LsBDipF5/kirYhJPBFlMbWQ==",
      "dependencies": {
        "tslib": "^2.1.0"
      },
      "optionalDependencies": {
        "parse5": "^5.0.0"
      },
      "peerDependencies": {
        "@angular/common": "^12.0.0 || ^13.0.0-0",
        "@angular/core": "^12.0.0 || ^13.0.0-0",
        "rxjs": "^6.5.3"
      }
    },
    "node_modules/@angular/material": {
      "version": "12.0.2",
      "resolved": "https://registry.npmjs.org/@angular/material/-/material-12.0.2.tgz",
      "integrity": "sha512-jTH53w4iVNk+3K5ciFyHeRhNNtV6TzeuNTSELeme4l3t5FP3VqFTdE56Q55MrV2RMIzDKLYEpiqSiQf+8ZuGSA==",
      "dependencies": {
        "tslib": "^2.1.0"
      },
      "peerDependencies": {
        "@angular/animations": "^12.0.0 || ^13.0.0-0",
        "@angular/cdk": "12.0.2",
        "@angular/common": "^12.0.0 || ^13.0.0-0",
        "@angular/core": "^12.0.0 || ^13.0.0-0",
        "@angular/forms": "^12.0.0 || ^13.0.0-0",
        "rxjs": "^6.5.3"
      }
    },
    "node_modules/parse5": {
      "version": "5.1.1",
      "resolved": "https://registry.npmjs.org/parse5/-/parse5-5.1.1.tgz",
      "integrity": "sha512-ugq4DFI0Ptb+WWjAdOK16+u/nHfiIrcE+sh8kZMaM0WllQKLI9rOUq6c2b7cwPkXdzfQESqvoqK6ug7U/Yyzug==",
      "optional": true
    },
    "node_modules/tslib": {
      "version": "2.2.0",
      "resolved": "https://registry.npmjs.org/tslib/-/tslib-2.2.0.tgz",
      "integrity": "sha512-gS9GVHRU+RGn5KQM2rllAlR3dU6m7AcpJKdtH8gFvQiC4Otgk98XnmMU+nZenHt/+VhnBPWwgrJsyrdcw6i23w=="
    }
  },
  "dependencies": {
    "@angular/animations": {
      "version": "12.0.2",
      "resolved": "https://registry.npmjs.org/@angular/animations/-/animations-12.0.2.tgz",
      "integrity": "sha512-5RZ5a8ouVZ3iDy29uZ7jCryisWjX2c9xjIG5F5rn+mBL3UkxzzUDFhql9rP0PB5G+aGgaElSlTatGJ85mY0XvA==",
      "requires": {
        "tslib": "^2.1.0"
      }
    },
    "@angular/cdk": {
      "version": "12.0.2",
      "resolved": "https://registry.npmjs.org/@angular/cdk/-/cdk-12.0.2.tgz",
      "integrity": "sha512-1JGayyUJmwaul5YSEgb780aWxk+MLVG5FakVaxz5NtbPZx19ZyOuZqytCh5js11LsBDipF5/kirYhJPBFlMbWQ==",
      "requires": {
        "parse5": "^5.0.0",
        "tslib": "^2.1.0"
      }
    },
    "@angular/material": {
      "version": "12.0.2",
      "resolved": "https://registry.npmjs.org/@angular/material/-/material-12.0.2.tgz",
      "integrity": "sha512-jTH53w4iVNk+3K5ciFyHeRhNNtV6TzeuNTSELeme4l3t5FP3VqFTdE56Q55MrV2RMIzDKLYEpiqSiQf+8ZuGSA==",
      "requires": {
        "tslib": "^2.1.0"
      }
    },
    "parse5": {
      "version": "5.1.1",
      "resolved": "https://registry.npmjs.org/parse5/-/parse5-5.1.1.tgz",
      "integrity": "sha512-ugq4DFI0Ptb+WWjAdOK16+u/nHfiIrcE+sh8kZMaM0WllQKLI9rOUq6c2b7cwPkXdzfQESqvoqK6ug7U/Yyzug==",
      "optional": true
    },
    "tslib": {
      "version": "2.2.0",
      "resolved": "https://registry.npmjs.org/tslib/-/tslib-2.2.0.tgz",
      "integrity": "sha512-gS9GVHRU+RGn5KQM2rllAlR3dU6m7AcpJKdtH8gFvQiC4Otgk98XnmMU+nZenHt/+VhnBPWwgrJsyrdcw6i23w=="
    }
  }
}
